// !$*UTF8*$!
{
	archiveVersion = 1;
	classes = {
	};
	objectVersion = 50;
	objects = {

/* Begin PBXBuildFile section */
		2E2C9CB42222BF44004EF5EC /* ConversationsList.storyboard in Resources */ = {isa = PBXBuildFile; fileRef = 2E2C9CB32222BF44004EF5EC /* ConversationsList.storyboard */; };
		2E2C9CB62222BF6A004EF5EC /* OnlyChat.storyboard in Resources */ = {isa = PBXBuildFile; fileRef = 2E2C9CB52222BF6A004EF5EC /* OnlyChat.storyboard */; };
		2E2C9CB82222C081004EF5EC /* ConversationsListViewController.swift in Sources */ = {isa = PBXBuildFile; fileRef = 2E2C9CB72222C081004EF5EC /* ConversationsListViewController.swift */; };
		2E2C9CBA2222C096004EF5EC /* oneChatViewController.swift in Sources */ = {isa = PBXBuildFile; fileRef = 2E2C9CB92222C096004EF5EC /* oneChatViewController.swift */; };
		2E2D68D322147D53002C389B /* AppDelegate.swift in Sources */ = {isa = PBXBuildFile; fileRef = 2E2D68D222147D53002C389B /* AppDelegate.swift */; };
		2E2D68D522147D53002C389B /* ProfileViewController.swift in Sources */ = {isa = PBXBuildFile; fileRef = 2E2D68D422147D53002C389B /* ProfileViewController.swift */; };
		2E2D68D822147D53002C389B /* Main.storyboard in Resources */ = {isa = PBXBuildFile; fileRef = 2E2D68D622147D53002C389B /* Main.storyboard */; };
		2E2D68DA22147D55002C389B /* Assets.xcassets in Resources */ = {isa = PBXBuildFile; fileRef = 2E2D68D922147D55002C389B /* Assets.xcassets */; };
		2E2D68DD22147D55002C389B /* LaunchScreen.storyboard in Resources */ = {isa = PBXBuildFile; fileRef = 2E2D68DB22147D55002C389B /* LaunchScreen.storyboard */; };
		2E63884322399F85007FCDAF /* data.swift in Sources */ = {isa = PBXBuildFile; fileRef = 2E63884222399F85007FCDAF /* data.swift */; };
		2E7703D5222EC62300CCEF88 /* Themes.m in Sources */ = {isa = PBXBuildFile; fileRef = 2E7703D4222EC62300CCEF88 /* Themes.m */; };
		2E7703DC222EC7CB00CCEF88 /* ThemePickerVC.storyboard in Resources */ = {isa = PBXBuildFile; fileRef = 2E7703DB222EC7CB00CCEF88 /* ThemePickerVC.storyboard */; };
		2E7703E42230626700CCEF88 /* ThemesViewController.swift in Sources */ = {isa = PBXBuildFile; fileRef = 2E7703DD223004F300CCEF88 /* ThemesViewController.swift */; };
		2ECCACA4224ABA1A00858DE1 /* FileForCoreData.swift in Sources */ = {isa = PBXBuildFile; fileRef = 2ECCACA3224ABA1A00858DE1 /* FileForCoreData.swift */; };
		2ECCACA7224ABA3D00858DE1 /* coreDataModel.xcdatamodeld in Sources */ = {isa = PBXBuildFile; fileRef = 2ECCACA5224ABA3D00858DE1 /* coreDataModel.xcdatamodeld */; };
		2ECCACA9224BAE3C00858DE1 /* StorageManager.swift in Sources */ = {isa = PBXBuildFile; fileRef = 2ECCACA8224BAE3C00858DE1 /* StorageManager.swift */; };
		2ED46D3922244B9000445B20 /* messages&userData.swift in Sources */ = {isa = PBXBuildFile; fileRef = 2ED46D3822244B9000445B20 /* messages&userData.swift */; };
		2ED7F8BA224162FD001B718D /* Communicators.swift in Sources */ = {isa = PBXBuildFile; fileRef = 2ED7F8B9224162FD001B718D /* Communicators.swift */; };
/* End PBXBuildFile section */

/* Begin PBXFileReference section */
		2E2C9CB32222BF44004EF5EC /* ConversationsList.storyboard */ = {isa = PBXFileReference; lastKnownFileType = file.storyboard; path = ConversationsList.storyboard; sourceTree = "<group>"; };
		2E2C9CB52222BF6A004EF5EC /* OnlyChat.storyboard */ = {isa = PBXFileReference; lastKnownFileType = file.storyboard; path = OnlyChat.storyboard; sourceTree = "<group>"; };
		2E2C9CB72222C081004EF5EC /* ConversationsListViewController.swift */ = {isa = PBXFileReference; lastKnownFileType = sourcecode.swift; path = ConversationsListViewController.swift; sourceTree = "<group>"; };
		2E2C9CB92222C096004EF5EC /* oneChatViewController.swift */ = {isa = PBXFileReference; lastKnownFileType = sourcecode.swift; path = oneChatViewController.swift; sourceTree = "<group>"; };
		2E2D68CF22147D53002C389B /* tinkofLesson2.app */ = {isa = PBXFileReference; explicitFileType = wrapper.application; includeInIndex = 0; path = tinkofLesson2.app; sourceTree = BUILT_PRODUCTS_DIR; };
		2E2D68D222147D53002C389B /* AppDelegate.swift */ = {isa = PBXFileReference; lastKnownFileType = sourcecode.swift; path = AppDelegate.swift; sourceTree = "<group>"; };
		2E2D68D422147D53002C389B /* ProfileViewController.swift */ = {isa = PBXFileReference; lastKnownFileType = sourcecode.swift; path = ProfileViewController.swift; sourceTree = "<group>"; };
		2E2D68D722147D53002C389B /* Base */ = {isa = PBXFileReference; lastKnownFileType = file.storyboard; name = Base; path = Base.lproj/Main.storyboard; sourceTree = "<group>"; };
		2E2D68D922147D55002C389B /* Assets.xcassets */ = {isa = PBXFileReference; lastKnownFileType = folder.assetcatalog; path = Assets.xcassets; sourceTree = "<group>"; };
		2E2D68DC22147D55002C389B /* Base */ = {isa = PBXFileReference; lastKnownFileType = file.storyboard; name = Base; path = Base.lproj/LaunchScreen.storyboard; sourceTree = "<group>"; };
		2E2D68DE22147D55002C389B /* Info.plist */ = {isa = PBXFileReference; lastKnownFileType = text.plist.xml; path = Info.plist; sourceTree = "<group>"; };
		2E63884222399F85007FCDAF /* data.swift */ = {isa = PBXFileReference; lastKnownFileType = sourcecode.swift; path = data.swift; sourceTree = "<group>"; };
		2E7703D2222EC62300CCEF88 /* tinkofLesson2-Bridging-Header.h */ = {isa = PBXFileReference; lastKnownFileType = sourcecode.c.h; path = "tinkofLesson2-Bridging-Header.h"; sourceTree = "<group>"; };
		2E7703D3222EC62300CCEF88 /* Themes.h */ = {isa = PBXFileReference; lastKnownFileType = sourcecode.c.h; path = Themes.h; sourceTree = "<group>"; };
		2E7703D4222EC62300CCEF88 /* Themes.m */ = {isa = PBXFileReference; lastKnownFileType = sourcecode.c.objc; path = Themes.m; sourceTree = "<group>"; };
		2E7703D6222EC64300CCEF88 /* ThemesViewController.h */ = {isa = PBXFileReference; lastKnownFileType = sourcecode.c.h; path = ThemesViewController.h; sourceTree = "<group>"; };
		2E7703D7222EC64300CCEF88 /* ThemesViewController.m */ = {isa = PBXFileReference; lastKnownFileType = sourcecode.c.objc; path = ThemesViewController.m; sourceTree = "<group>"; };
		2E7703DA222EC69D00CCEF88 /* ThemesViewControllerDelegate.h */ = {isa = PBXFileReference; lastKnownFileType = sourcecode.c.h; path = ThemesViewControllerDelegate.h; sourceTree = "<group>"; };
		2E7703DB222EC7CB00CCEF88 /* ThemePickerVC.storyboard */ = {isa = PBXFileReference; lastKnownFileType = file.storyboard; path = ThemePickerVC.storyboard; sourceTree = "<group>"; };
		2E7703DD223004F300CCEF88 /* ThemesViewController.swift */ = {isa = PBXFileReference; lastKnownFileType = sourcecode.swift; path = ThemesViewController.swift; sourceTree = "<group>"; };
		2ECCACA3224ABA1A00858DE1 /* FileForCoreData.swift */ = {isa = PBXFileReference; lastKnownFileType = sourcecode.swift; path = FileForCoreData.swift; sourceTree = "<group>"; };
		2ECCACA6224ABA3D00858DE1 /* coreDataModel.xcdatamodel */ = {isa = PBXFileReference; lastKnownFileType = wrapper.xcdatamodel; path = coreDataModel.xcdatamodel; sourceTree = "<group>"; };
		2ECCACA8224BAE3C00858DE1 /* StorageManager.swift */ = {isa = PBXFileReference; lastKnownFileType = sourcecode.swift; path = StorageManager.swift; sourceTree = "<group>"; };
		2ED46D3822244B9000445B20 /* messages&userData.swift */ = {isa = PBXFileReference; lastKnownFileType = sourcecode.swift; path = "messages&userData.swift"; sourceTree = "<group>"; };
		2ED7F8B9224162FD001B718D /* Communicators.swift */ = {isa = PBXFileReference; lastKnownFileType = sourcecode.swift; path = Communicators.swift; sourceTree = "<group>"; };
/* End PBXFileReference section */

/* Begin PBXFrameworksBuildPhase section */
		2E2D68CC22147D53002C389B /* Frameworks */ = {
			isa = PBXFrameworksBuildPhase;
			buildActionMask = 2147483647;
			files = (
			);
			runOnlyForDeploymentPostprocessing = 0;
		};
/* End PBXFrameworksBuildPhase section */

/* Begin PBXGroup section */
		2E2C9CBB2222C298004EF5EC /* VCclasses */ = {
			isa = PBXGroup;
			children = (
				2E2D68D422147D53002C389B /* ProfileViewController.swift */,
				2E2C9CB72222C081004EF5EC /* ConversationsListViewController.swift */,
				2ED7F8B9224162FD001B718D /* Communicators.swift */,
				2E2C9CB92222C096004EF5EC /* oneChatViewController.swift */,
				2E7703D6222EC64300CCEF88 /* ThemesViewController.h */,
				2E7703D7222EC64300CCEF88 /* ThemesViewController.m */,
				2E7703DD223004F300CCEF88 /* ThemesViewController.swift */,
			);
			path = VCclasses;
			sourceTree = "<group>";
		};
		2E2C9CBC2222C2C1004EF5EC /* VCstoryboards */ = {
			isa = PBXGroup;
			children = (
				2E2D68D622147D53002C389B /* Main.storyboard */,
				2E2C9CB32222BF44004EF5EC /* ConversationsList.storyboard */,
				2E2C9CB52222BF6A004EF5EC /* OnlyChat.storyboard */,
				2E7703DB222EC7CB00CCEF88 /* ThemePickerVC.storyboard */,
			);
			path = VCstoryboards;
			sourceTree = "<group>";
		};
		2E2D68C622147D53002C389B = {
			isa = PBXGroup;
			children = (
				2E2D68D122147D53002C389B /* tinkofLesson2 */,
				2E2D68D022147D53002C389B /* Products */,
			);
			sourceTree = "<group>";
		};
		2E2D68D022147D53002C389B /* Products */ = {
			isa = PBXGroup;
			children = (
				2E2D68CF22147D53002C389B /* tinkofLesson2.app */,
			);
			name = Products;
			sourceTree = "<group>";
		};
		2E2D68D122147D53002C389B /* tinkofLesson2 */ = {
			isa = PBXGroup;
			children = (
				2E2C9CBC2222C2C1004EF5EC /* VCstoryboards */,
				2E2C9CBB2222C298004EF5EC /* VCclasses */,
				2ED46D3A2224504900445B20 /* Data */,
				2E2D68D222147D53002C389B /* AppDelegate.swift */,
				2ECCACA3224ABA1A00858DE1 /* FileForCoreData.swift */,
				2ECCACA8224BAE3C00858DE1 /* StorageManager.swift */,
				2ECCACA5224ABA3D00858DE1 /* coreDataModel.xcdatamodeld */,
				2E2D68DB22147D55002C389B /* LaunchScreen.storyboard */,
				2E2D68DE22147D55002C389B /* Info.plist */,
				2E2D68D922147D55002C389B /* Assets.xcassets */,
			);
			path = tinkofLesson2;
			sourceTree = "<group>";
		};
		2ED46D3A2224504900445B20 /* Data */ = {
			isa = PBXGroup;
			children = (
				2E63884222399F85007FCDAF /* data.swift */,
				2ED46D3822244B9000445B20 /* messages&userData.swift */,
				2E7703D3222EC62300CCEF88 /* Themes.h */,
				2E7703D4222EC62300CCEF88 /* Themes.m */,
				2E7703DA222EC69D00CCEF88 /* ThemesViewControllerDelegate.h */,
				2E7703D2222EC62300CCEF88 /* tinkofLesson2-Bridging-Header.h */,
			);
			path = Data;
			sourceTree = "<group>";
		};
/* End PBXGroup section */

/* Begin PBXNativeTarget section */
		2E2D68CE22147D53002C389B /* tinkofLesson2 */ = {
			isa = PBXNativeTarget;
			buildConfigurationList = 2E2D68E122147D55002C389B /* Build configuration list for PBXNativeTarget "tinkofLesson2" */;
			buildPhases = (
				2E2D68CB22147D53002C389B /* Sources */,
				2E2D68CC22147D53002C389B /* Frameworks */,
				2E2D68CD22147D53002C389B /* Resources */,
			);
			buildRules = (
			);
			dependencies = (
			);
			name = tinkofLesson2;
			productName = tinkofLesson2;
			productReference = 2E2D68CF22147D53002C389B /* tinkofLesson2.app */;
			productType = "com.apple.product-type.application";
		};
/* End PBXNativeTarget section */

/* Begin PBXProject section */
		2E2D68C722147D53002C389B /* Project object */ = {
			isa = PBXProject;
			attributes = {
				LastSwiftUpdateCheck = 1010;
				LastUpgradeCheck = 1010;
				ORGANIZATIONNAME = "Andrey Minin";
				TargetAttributes = {
					2E2D68CE22147D53002C389B = {
						CreatedOnToolsVersion = 10.1;
						LastSwiftMigration = 1010;
					};
				};
			};
			buildConfigurationList = 2E2D68CA22147D53002C389B /* Build configuration list for PBXProject "tinkofLesson2" */;
			compatibilityVersion = "Xcode 9.3";
			developmentRegion = en;
			hasScannedForEncodings = 0;
			knownRegions = (
				en,
				Base,
			);
			mainGroup = 2E2D68C622147D53002C389B;
			productRefGroup = 2E2D68D022147D53002C389B /* Products */;
			projectDirPath = "";
			projectRoot = "";
			targets = (
				2E2D68CE22147D53002C389B /* tinkofLesson2 */,
			);
		};
/* End PBXProject section */

/* Begin PBXResourcesBuildPhase section */
		2E2D68CD22147D53002C389B /* Resources */ = {
			isa = PBXResourcesBuildPhase;
			buildActionMask = 2147483647;
			files = (
				2E2D68DD22147D55002C389B /* LaunchScreen.storyboard in Resources */,
				2E2D68DA22147D55002C389B /* Assets.xcassets in Resources */,
				2E2C9CB42222BF44004EF5EC /* ConversationsList.storyboard in Resources */,
				2E7703DC222EC7CB00CCEF88 /* ThemePickerVC.storyboard in Resources */,
				2E2C9CB62222BF6A004EF5EC /* OnlyChat.storyboard in Resources */,
				2E2D68D822147D53002C389B /* Main.storyboard in Resources */,
			);
			runOnlyForDeploymentPostprocessing = 0;
		};
/* End PBXResourcesBuildPhase section */

/* Begin PBXSourcesBuildPhase section */
		2E2D68CB22147D53002C389B /* Sources */ = {
			isa = PBXSourcesBuildPhase;
			buildActionMask = 2147483647;
			files = (
				2E2D68D522147D53002C389B /* ProfileViewController.swift in Sources */,
				2E2C9CB82222C081004EF5EC /* ConversationsListViewController.swift in Sources */,
				2ECCACA4224ABA1A00858DE1 /* FileForCoreData.swift in Sources */,
				2ECCACA9224BAE3C00858DE1 /* StorageManager.swift in Sources */,
				2ED46D3922244B9000445B20 /* messages&userData.swift in Sources */,
				2ED7F8BA224162FD001B718D /* Communicators.swift in Sources */,
				2ECCACA7224ABA3D00858DE1 /* coreDataModel.xcdatamodeld in Sources */,
				2E7703D5222EC62300CCEF88 /* Themes.m in Sources */,
				2E2D68D322147D53002C389B /* AppDelegate.swift in Sources */,
				2E2C9CBA2222C096004EF5EC /* oneChatViewController.swift in Sources */,
				2E7703E42230626700CCEF88 /* ThemesViewController.swift in Sources */,
				2E63884322399F85007FCDAF /* data.swift in Sources */,
			);
			runOnlyForDeploymentPostprocessing = 0;
		};
/* End PBXSourcesBuildPhase section */

/* Begin PBXVariantGroup section */
		2E2D68D622147D53002C389B /* Main.storyboard */ = {
			isa = PBXVariantGroup;
			children = (
				2E2D68D722147D53002C389B /* Base */,
			);
			name = Main.storyboard;
			sourceTree = "<group>";
		};
		2E2D68DB22147D55002C389B /* LaunchScreen.storyboard */ = {
			isa = PBXVariantGroup;
			children = (
				2E2D68DC22147D55002C389B /* Base */,
			);
			name = LaunchScreen.storyboard;
			sourceTree = "<group>";
		};
/* End PBXVariantGroup section */

/* Begin XCBuildConfiguration section */
		2E2D68DF22147D55002C389B /* Debug */ = {
			isa = XCBuildConfiguration;
			buildSettings = {
				ALWAYS_SEARCH_USER_PATHS = NO;
				CLANG_ANALYZER_NONNULL = YES;
				CLANG_ANALYZER_NUMBER_OBJECT_CONVERSION = YES_AGGRESSIVE;
				CLANG_CXX_LANGUAGE_STANDARD = "gnu++14";
				CLANG_CXX_LIBRARY = "libc++";
				CLANG_ENABLE_MODULES = YES;
				CLANG_ENABLE_OBJC_ARC = YES;
				CLANG_ENABLE_OBJC_WEAK = YES;
				CLANG_WARN_BLOCK_CAPTURE_AUTORELEASING = YES;
				CLANG_WARN_BOOL_CONVERSION = YES;
				CLANG_WARN_COMMA = YES;
				CLANG_WARN_CONSTANT_CONVERSION = YES;
				CLANG_WARN_DEPRECATED_OBJC_IMPLEMENTATIONS = YES;
				CLANG_WARN_DIRECT_OBJC_ISA_USAGE = YES_ERROR;
				CLANG_WARN_DOCUMENTATION_COMMENTS = YES;
				CLANG_WARN_EMPTY_BODY = YES;
				CLANG_WARN_ENUM_CONVERSION = YES;
				CLANG_WARN_INFINITE_RECURSION = YES;
				CLANG_WARN_INT_CONVERSION = YES;
				CLANG_WARN_NON_LITERAL_NULL_CONVERSION = YES;
				CLANG_WARN_OBJC_IMPLICIT_RETAIN_SELF = YES;
				CLANG_WARN_OBJC_LITERAL_CONVERSION = YES;
				CLANG_WARN_OBJC_ROOT_CLASS = YES_ERROR;
				CLANG_WARN_RANGE_LOOP_ANALYSIS = YES;
				CLANG_WARN_STRICT_PROTOTYPES = YES;
				CLANG_WARN_SUSPICIOUS_MOVE = YES;
				CLANG_WARN_UNGUARDED_AVAILABILITY = YES_AGGRESSIVE;
				CLANG_WARN_UNREACHABLE_CODE = YES;
				CLANG_WARN__DUPLICATE_METHOD_MATCH = YES;
				CODE_SIGN_IDENTITY = "iPhone Developer";
				COPY_PHASE_STRIP = NO;
				DEBUG_INFORMATION_FORMAT = dwarf;
				ENABLE_STRICT_OBJC_MSGSEND = YES;
				ENABLE_TESTABILITY = YES;
				GCC_C_LANGUAGE_STANDARD = gnu11;
				GCC_DYNAMIC_NO_PIC = NO;
				GCC_NO_COMMON_BLOCKS = YES;
				GCC_OPTIMIZATION_LEVEL = 0;
				GCC_PREPROCESSOR_DEFINITIONS = (
					"DEBUG=1",
					"$(inherited)",
				);
				GCC_WARN_64_TO_32_BIT_CONVERSION = YES;
				GCC_WARN_ABOUT_RETURN_TYPE = YES_ERROR;
				GCC_WARN_UNDECLARED_SELECTOR = YES;
				GCC_WARN_UNINITIALIZED_AUTOS = YES_AGGRESSIVE;
				GCC_WARN_UNUSED_FUNCTION = YES;
				GCC_WARN_UNUSED_VARIABLE = YES;
				IPHONEOS_DEPLOYMENT_TARGET = 12.1;
				MTL_ENABLE_DEBUG_INFO = INCLUDE_SOURCE;
				MTL_FAST_MATH = YES;
				ONLY_ACTIVE_ARCH = YES;
				SDKROOT = iphoneos;
				SWIFT_ACTIVE_COMPILATION_CONDITIONS = DEBUG;
				SWIFT_OPTIMIZATION_LEVEL = "-Onone";
			};
			name = Debug;
		};
		2E2D68E022147D55002C389B /* Release */ = {
			isa = XCBuildConfiguration;
			buildSettings = {
				ALWAYS_SEARCH_USER_PATHS = NO;
				CLANG_ANALYZER_NONNULL = YES;
				CLANG_ANALYZER_NUMBER_OBJECT_CONVERSION = YES_AGGRESSIVE;
				CLANG_CXX_LANGUAGE_STANDARD = "gnu++14";
				CLANG_CXX_LIBRARY = "libc++";
				CLANG_ENABLE_MODULES = YES;
				CLANG_ENABLE_OBJC_ARC = YES;
				CLANG_ENABLE_OBJC_WEAK = YES;
				CLANG_WARN_BLOCK_CAPTURE_AUTORELEASING = YES;
				CLANG_WARN_BOOL_CONVERSION = YES;
				CLANG_WARN_COMMA = YES;
				CLANG_WARN_CONSTANT_CONVERSION = YES;
				CLANG_WARN_DEPRECATED_OBJC_IMPLEMENTATIONS = YES;
				CLANG_WARN_DIRECT_OBJC_ISA_USAGE = YES_ERROR;
				CLANG_WARN_DOCUMENTATION_COMMENTS = YES;
				CLANG_WARN_EMPTY_BODY = YES;
				CLANG_WARN_ENUM_CONVERSION = YES;
				CLANG_WARN_INFINITE_RECURSION = YES;
				CLANG_WARN_INT_CONVERSION = YES;
				CLANG_WARN_NON_LITERAL_NULL_CONVERSION = YES;
				CLANG_WARN_OBJC_IMPLICIT_RETAIN_SELF = YES;
				CLANG_WARN_OBJC_LITERAL_CONVERSION = YES;
				CLANG_WARN_OBJC_ROOT_CLASS = YES_ERROR;
				CLANG_WARN_RANGE_LOOP_ANALYSIS = YES;
				CLANG_WARN_STRICT_PROTOTYPES = YES;
				CLANG_WARN_SUSPICIOUS_MOVE = YES;
				CLANG_WARN_UNGUARDED_AVAILABILITY = YES_AGGRESSIVE;
				CLANG_WARN_UNREACHABLE_CODE = YES;
				CLANG_WARN__DUPLICATE_METHOD_MATCH = YES;
				CODE_SIGN_IDENTITY = "iPhone Developer";
				COPY_PHASE_STRIP = NO;
				DEBUG_INFORMATION_FORMAT = "dwarf-with-dsym";
				ENABLE_NS_ASSERTIONS = NO;
				ENABLE_STRICT_OBJC_MSGSEND = YES;
				GCC_C_LANGUAGE_STANDARD = gnu11;
				GCC_NO_COMMON_BLOCKS = YES;
				GCC_WARN_64_TO_32_BIT_CONVERSION = YES;
				GCC_WARN_ABOUT_RETURN_TYPE = YES_ERROR;
				GCC_WARN_UNDECLARED_SELECTOR = YES;
				GCC_WARN_UNINITIALIZED_AUTOS = YES_AGGRESSIVE;
				GCC_WARN_UNUSED_FUNCTION = YES;
				GCC_WARN_UNUSED_VARIABLE = YES;
				IPHONEOS_DEPLOYMENT_TARGET = 12.1;
				MTL_ENABLE_DEBUG_INFO = NO;
				MTL_FAST_MATH = YES;
				SDKROOT = iphoneos;
				SWIFT_COMPILATION_MODE = wholemodule;
				SWIFT_OPTIMIZATION_LEVEL = "-O";
				VALIDATE_PRODUCT = YES;
			};
			name = Release;
		};
		2E2D68E222147D55002C389B /* Debug */ = {
			isa = XCBuildConfiguration;
			buildSettings = {
				ASSETCATALOG_COMPILER_APPICON_NAME = AppIcon;
				CLANG_ENABLE_MODULES = YES;
				CLANG_ENABLE_OBJC_ARC = NO;
				CODE_SIGN_STYLE = Automatic;
				DEVELOPMENT_TEAM = Q4WS8YA4HU;
				INFOPLIST_FILE = tinkofLesson2/Info.plist;
				LD_RUNPATH_SEARCH_PATHS = (
					"$(inherited)",
					"@executable_path/Frameworks",
				);
				PRODUCT_BUNDLE_IDENTIFIER = ru.tcsbank.tinkofLesson2;
				PRODUCT_NAME = "$(TARGET_NAME)";
				SWIFT_OBJC_BRIDGING_HEADER = "tinkofLesson2/Data/tinkofLesson2-Bridging-Header.h";
				SWIFT_OPTIMIZATION_LEVEL = "-Onone";
				SWIFT_VERSION = 4.2;
				TARGETED_DEVICE_FAMILY = 1;
			};
			name = Debug;
		};
		2E2D68E322147D55002C389B /* Release */ = {
			isa = XCBuildConfiguration;
			buildSettings = {
				ASSETCATALOG_COMPILER_APPICON_NAME = AppIcon;
				CLANG_ENABLE_MODULES = YES;
				CLANG_ENABLE_OBJC_ARC = NO;
				CODE_SIGN_STYLE = Automatic;
				DEVELOPMENT_TEAM = Q4WS8YA4HU;
				INFOPLIST_FILE = tinkofLesson2/Info.plist;
				LD_RUNPATH_SEARCH_PATHS = (
					"$(inherited)",
					"@executable_path/Frameworks",
				);
				PRODUCT_BUNDLE_IDENTIFIER = ru.tcsbank.tinkofLesson2;
				PRODUCT_NAME = "$(TARGET_NAME)";
				SWIFT_OBJC_BRIDGING_HEADER = "tinkofLesson2/Data/tinkofLesson2-Bridging-Header.h";
				SWIFT_VERSION = 4.2;
				TARGETED_DEVICE_FAMILY = 1;
			};
			name = Release;
		};
/* End XCBuildConfiguration section */

/* Begin XCConfigurationList section */
		2E2D68CA22147D53002C389B /* Build configuration list for PBXProject "tinkofLesson2" */ = {
			isa = XCConfigurationList;
			buildConfigurations = (
				2E2D68DF22147D55002C389B /* Debug */,
				2E2D68E022147D55002C389B /* Release */,
			);
			defaultConfigurationIsVisible = 0;
			defaultConfigurationName = Release;
		};
		2E2D68E122147D55002C389B /* Build configuration list for PBXNativeTarget "tinkofLesson2" */ = {
			isa = XCConfigurationList;
			buildConfigurations = (
				2E2D68E222147D55002C389B /* Debug */,
				2E2D68E322147D55002C389B /* Release */,
			);
			defaultConfigurationIsVisible = 0;
			defaultConfigurationName = Release;
		};
/* End XCConfigurationList section */

/* Begin XCVersionGroup section */
		2ECCACA5224ABA3D00858DE1 /* coreDataModel.xcdatamodeld */ = {
			isa = XCVersionGroup;
			children = (
				2ECCACA6224ABA3D00858DE1 /* coreDataModel.xcdatamodel */,
			);
			currentVersion = 2ECCACA6224ABA3D00858DE1 /* coreDataModel.xcdatamodel */;
			path = coreDataModel.xcdatamodeld;
			sourceTree = "<group>";
			versionGroupType = wrapper.xcdatamodel;
		};
/* End XCVersionGroup section */
	};
	rootObject = 2E2D68C722147D53002C389B /* Project object */;
}
